
Microsoft Visual Studio Solution File, Format Version 12.00
# Visual Studio 14
VisualStudioVersion = 14.0.24720.0
MinimumVisualStudioVersion = 10.0.40219.1
Project("{FAE04EC0-301F-11D3-BF4B-00C04F79EFBC}") = "Easy.MessageHub", "Easy.MessageHub\Easy.MessageHub.csproj", "{E11F0DDC-A37D-490B-B5B9-5E9D7E0116E0}"
EndProject
Project("{FAE04EC0-301F-11D3-BF4B-00C04F79EFBC}") = "Easy.MessageHub.Benchmarker", "Easy.MessageHub.Benchmarker\Easy.MessageHub.Benchmarker.csproj", "{D34356C2-D3B0-4961-9947-A604FFE70CF1}"
EndProject
Project("{2150E333-8FDC-42A3-9474-1A3956D46DE8}") = "Tests", "Tests", "{747161C2-3854-4152-BCAB-C25D700D18BD}"
EndProject
Project("{FAE04EC0-301F-11D3-BF4B-00C04F79EFBC}") = "Easy.MessageHub.Tests.Unit", "Easy.MessageHub.Tests.Unit\Easy.MessageHub.Tests.Unit.csproj", "{AF6AA9B6-B277-4F05-90FE-4EFE03610B5E}"
EndProject
Global
	GlobalSection(SolutionConfigurationPlatforms) = preSolution
		Debug|Any CPU = Debug|Any CPU
		Release|Any CPU = Release|Any CPU
	EndGlobalSection
	GlobalSection(ProjectConfigurationPlatforms) = postSolution
		{E11F0DDC-A37D-490B-B5B9-5E9D7E0116E0}.Debug|Any CPU.ActiveCfg = Debug|Any CPU
		{E11F0DDC-A37D-490B-B5B9-5E9D7E0116E0}.Debug|Any CPU.Build.0 = Debug|Any CPU
		{E11F0DDC-A37D-490B-B5B9-5E9D7E0116E0}.Release|Any CPU.ActiveCfg = Release|Any CPU
		{E11F0DDC-A37D-490B-B5B9-5E9D7E0116E0}.Release|Any CPU.Build.0 = Release|Any CPU
		{D34356C2-D3B0-4961-9947-A604FFE70CF1}.Debug|Any CPU.ActiveCfg = Debug|Any CPU
		{D34356C2-D3B0-4961-9947-A604FFE70CF1}.Debug|Any CPU.Build.0 = Debug|Any CPU
		{D34356C2-D3B0-4961-9947-A604FFE70CF1}.Release|Any CPU.ActiveCfg = Release|Any CPU
		{D34356C2-D3B0-4961-9947-A604FFE70CF1}.Release|Any CPU.Build.0 = Release|Any CPU
		{AF6AA9B6-B277-4F05-90FE-4EFE03610B5E}.Debug|Any CPU.ActiveCfg = Debug|Any CPU
		{AF6AA9B6-B277-4F05-90FE-4EFE03610B5E}.Debug|Any CPU.Build.0 = Debug|Any CPU
		{AF6AA9B6-B277-4F05-90FE-4EFE03610B5E}.Release|Any CPU.ActiveCfg = Release|Any CPU
		{AF6AA9B6-B277-4F05-90FE-4EFE03610B5E}.Release|Any CPU.Build.0 = Release|Any CPU
	EndGlobalSection
	GlobalSection(SolutionProperties) = preSolution
		HideSolutionNode = FALSE
	EndGlobalSection
	GlobalSection(NestedProjects) = preSolution
		{AF6AA9B6-B277-4F05-90FE-4EFE03610B5E} = {747161C2-3854-4152-BCAB-C25D700D18BD}
	EndGlobalSection
EndGlobal
