
Microsoft Visual Studio Solution File, Format Version 12.00
# Visual Studio 15
VisualStudioVersion = 15.0.26430.6
MinimumVisualStudioVersion = 10.0.40219.1
Project("{FAE04EC0-301F-11D3-BF4B-00C04F79EFBC}") = "Easy.MessageHub", "Easy.MessageHub\Easy.MessageHub.csproj", "{833AB5AD-A0C5-4F41-A4BD-1EC011AD8677}"
EndProject
Project("{FAE04EC0-301F-11D3-BF4B-00C04F79EFBC}") = "Easy.MessageHub.Tests.Unit", "Easy.MessageHub.Tests.Unit\Easy.MessageHub.Tests.Unit.csproj", "{DA3AC7C6-A608-4CEF-9CBE-AC0FA6C04DC4}"
EndProject
Project("{FAE04EC0-301F-11D3-BF4B-00C04F79EFBC}") = "Easy.MessageHub.Benchmarker.Core", "Easy.MessageHub.Benchmarker.Core\Easy.MessageHub.Benchmarker.Core.csproj", "{5AB6C51D-96B3-4B53-95D5-6AD58E482D1E}"
EndProject
Project("{FAE04EC0-301F-11D3-BF4B-00C04F79EFBC}") = "Easy.MessageHub.Benchmarker", "Easy.MessageHub.Benchmarker\Easy.MessageHub.Benchmarker.csproj", "{3D23C3FE-7BB0-4DDC-82B4-B78E4671D3B3}"
EndProject
Project("{2150E333-8FDC-42A3-9474-1A3956D46DE8}") = "Solution Items", "Solution Items", "{B0D8EB81-516C-4A79-A2DB-1C66D66F9406}"
	ProjectSection(SolutionItems) = preProject
		LICENSE = LICENSE
		NuGet-Pack.bat = NuGet-Pack.bat
		README.md = README.md
	EndProjectSection
EndProject
Global
	GlobalSection(SolutionConfigurationPlatforms) = preSolution
		Debug|Any CPU = Debug|Any CPU
		Release|Any CPU = Release|Any CPU
	EndGlobalSection
	GlobalSection(ProjectConfigurationPlatforms) = postSolution
		{833AB5AD-A0C5-4F41-A4BD-1EC011AD8677}.Debug|Any CPU.ActiveCfg = Debug|Any CPU
		{833AB5AD-A0C5-4F41-A4BD-1EC011AD8677}.Debug|Any CPU.Build.0 = Debug|Any CPU
		{833AB5AD-A0C5-4F41-A4BD-1EC011AD8677}.Release|Any CPU.ActiveCfg = Release|Any CPU
		{833AB5AD-A0C5-4F41-A4BD-1EC011AD8677}.Release|Any CPU.Build.0 = Release|Any CPU
		{DA3AC7C6-A608-4CEF-9CBE-AC0FA6C04DC4}.Debug|Any CPU.ActiveCfg = Debug|Any CPU
		{DA3AC7C6-A608-4CEF-9CBE-AC0FA6C04DC4}.Debug|Any CPU.Build.0 = Debug|Any CPU
		{DA3AC7C6-A608-4CEF-9CBE-AC0FA6C04DC4}.Release|Any CPU.ActiveCfg = Release|Any CPU
		{DA3AC7C6-A608-4CEF-9CBE-AC0FA6C04DC4}.Release|Any CPU.Build.0 = Release|Any CPU
		{5AB6C51D-96B3-4B53-95D5-6AD58E482D1E}.Debug|Any CPU.ActiveCfg = Debug|Any CPU
		{5AB6C51D-96B3-4B53-95D5-6AD58E482D1E}.Debug|Any CPU.Build.0 = Debug|Any CPU
		{5AB6C51D-96B3-4B53-95D5-6AD58E482D1E}.Release|Any CPU.ActiveCfg = Release|Any CPU
		{5AB6C51D-96B3-4B53-95D5-6AD58E482D1E}.Release|Any CPU.Build.0 = Release|Any CPU
		{3D23C3FE-7BB0-4DDC-82B4-B78E4671D3B3}.Debug|Any CPU.ActiveCfg = Debug|Any CPU
		{3D23C3FE-7BB0-4DDC-82B4-B78E4671D3B3}.Debug|Any CPU.Build.0 = Debug|Any CPU
		{3D23C3FE-7BB0-4DDC-82B4-B78E4671D3B3}.Release|Any CPU.ActiveCfg = Release|Any CPU
		{3D23C3FE-7BB0-4DDC-82B4-B78E4671D3B3}.Release|Any CPU.Build.0 = Release|Any CPU
	EndGlobalSection
	GlobalSection(SolutionProperties) = preSolution
		HideSolutionNode = FALSE
	EndGlobalSection
EndGlobal
